
Microsoft Visual Studio Solution File, Format Version 12.00
# Visual Studio Version 17
VisualStudioVersion = 17.3.32922.545
MinimumVisualStudioVersion = 10.0.40219.1
Project("{FAE04EC0-301F-11D3-BF4B-00C04F79EFBC}") = "Andriesei_Tudor_Lab1", "Andriesei_Tudor_Lab1.csproj", "{55DEF87A-7AF8-4A12-961D-AD4E13DDF4B1}"
EndProject
Global
	GlobalSection(SolutionConfigurationPlatforms) = preSolution
		Debug|Any CPU = Debug|Any CPU
		Release|Any CPU = Release|Any CPU
	EndGlobalSection
	GlobalSection(ProjectConfigurationPlatforms) = postSolution
		{55DEF87A-7AF8-4A12-961D-AD4E13DDF4B1}.Debug|Any CPU.ActiveCfg = Debug|Any CPU
		{55DEF87A-7AF8-4A12-961D-AD4E13DDF4B1}.Debug|Any CPU.Build.0 = Debug|Any CPU
		{55DEF87A-7AF8-4A12-961D-AD4E13DDF4B1}.Release|Any CPU.ActiveCfg = Release|Any CPU
		{55DEF87A-7AF8-4A12-961D-AD4E13DDF4B1}.Release|Any CPU.Build.0 = Release|Any CPU
	EndGlobalSection
	GlobalSection(SolutionProperties) = preSolution
		HideSolutionNode = FALSE
	EndGlobalSection
	GlobalSection(ExtensibilityGlobals) = postSolution
		SolutionGuid = {564F5B41-2B14-40D3-AC38-1CB0AD170FC8}
	EndGlobalSection
EndGlobal
